
Microsoft Visual Studio Solution File, Format Version 12.00
# Visual Studio Version 16
VisualStudioVersion = 16.0.30611.23
MinimumVisualStudioVersion = 10.0.40219.1
Project("{8BC9CEB8-8B4A-11D0-8D11-00A0C91BC942}") = "URWS_RGZ", "URWS_RGZ\URWS_RGZ.vcxproj", "{2123C594-14A0-4AEB-900B-76E534BDC320}"
EndProject
Global
	GlobalSection(SolutionConfigurationPlatforms) = preSolution
		Debug|x64 = Debug|x64
		Debug|x86 = Debug|x86
		Release|x64 = Release|x64
		Release|x86 = Release|x86
	EndGlobalSection
	GlobalSection(ProjectConfigurationPlatforms) = postSolution
		{2123C594-14A0-4AEB-900B-76E534BDC320}.Debug|x64.ActiveCfg = Debug|x64
		{2123C594-14A0-4AEB-900B-76E534BDC320}.Debug|x64.Build.0 = Debug|x64
		{2123C594-14A0-4AEB-900B-76E534BDC320}.Debug|x86.ActiveCfg = Debug|Win32
		{2123C594-14A0-4AEB-900B-76E534BDC320}.Debug|x86.Build.0 = Debug|Win32
		{2123C594-14A0-4AEB-900B-76E534BDC320}.Release|x64.ActiveCfg = Release|x64
		{2123C594-14A0-4AEB-900B-76E534BDC320}.Release|x64.Build.0 = Release|x64
		{2123C594-14A0-4AEB-900B-76E534BDC320}.Release|x86.ActiveCfg = Release|Win32
		{2123C594-14A0-4AEB-900B-76E534BDC320}.Release|x86.Build.0 = Release|Win32
	EndGlobalSection
	GlobalSection(SolutionProperties) = preSolution
		HideSolutionNode = FALSE
	EndGlobalSection
	GlobalSection(ExtensibilityGlobals) = postSolution
		SolutionGuid = {2036B9C5-B231-4B2E-A502-807CF8784BF5}
	EndGlobalSection
EndGlobal
